
Microsoft Visual Studio Solution File, Format Version 12.00
# Visual Studio 2013
VisualStudioVersion = 12.0.30723.0
MinimumVisualStudioVersion = 10.0.40219.1
Project("{FAE04EC0-301F-11D3-BF4B-00C04F79EFBC}") = "CoinbaseExchange.NET", "CoinbaseExchange.NET\CoinbaseExchange.NET.csproj", "{2B3EE98E-D170-460B-9356-505603281E80}"
EndProject
Project("{FAE04EC0-301F-11D3-BF4B-00C04F79EFBC}") = "CoinbaseExchange.Tests", "CoinbaseExchange.Tests\CoinbaseExchange.Tests.csproj", "{8EE373A1-817F-40AE-B2E5-41E336A951A1}"
EndProject
Global
	GlobalSection(SolutionConfigurationPlatforms) = preSolution
		Debug|Any CPU = Debug|Any CPU
		Release|Any CPU = Release|Any CPU
	EndGlobalSection
	GlobalSection(ProjectConfigurationPlatforms) = postSolution
		{2B3EE98E-D170-460B-9356-505603281E80}.Debug|Any CPU.ActiveCfg = Debug|Any CPU
		{2B3EE98E-D170-460B-9356-505603281E80}.Debug|Any CPU.Build.0 = Debug|Any CPU
		{2B3EE98E-D170-460B-9356-505603281E80}.Release|Any CPU.ActiveCfg = Release|Any CPU
		{2B3EE98E-D170-460B-9356-505603281E80}.Release|Any CPU.Build.0 = Release|Any CPU
		{8EE373A1-817F-40AE-B2E5-41E336A951A1}.Debug|Any CPU.ActiveCfg = Debug|Any CPU
		{8EE373A1-817F-40AE-B2E5-41E336A951A1}.Debug|Any CPU.Build.0 = Debug|Any CPU
		{8EE373A1-817F-40AE-B2E5-41E336A951A1}.Release|Any CPU.ActiveCfg = Release|Any CPU
		{8EE373A1-817F-40AE-B2E5-41E336A951A1}.Release|Any CPU.Build.0 = Release|Any CPU
	EndGlobalSection
	GlobalSection(SolutionProperties) = preSolution
		HideSolutionNode = FALSE
	EndGlobalSection
EndGlobal
